
Microsoft Visual Studio Solution File, Format Version 12.00
# Visual Studio Version 16
VisualStudioVersion = 16.0.30523.141
MinimumVisualStudioVersion = 10.0.40219.1
Project("{FAE04EC0-301F-11D3-BF4B-00C04F79EFBC}") = "Kursovaja", "Kursovaja\Kursovaja.csproj", "{2BC6BFD1-1264-4F25-967C-642543B13D42}"
EndProject
Project("{2150E333-8FDC-42A3-9474-1A3956D46DE8}") = "Solution Items", "Solution Items", "{F776E382-FBB8-440B-BAD0-BF78970D789C}"
	ProjectSection(SolutionItems) = preProject
		README.md = README.md
	EndProjectSection
EndProject
Global
	GlobalSection(SolutionConfigurationPlatforms) = preSolution
		Debug|Any CPU = Debug|Any CPU
		Release|Any CPU = Release|Any CPU
	EndGlobalSection
	GlobalSection(ProjectConfigurationPlatforms) = postSolution
		{2BC6BFD1-1264-4F25-967C-642543B13D42}.Debug|Any CPU.ActiveCfg = Debug|Any CPU
		{2BC6BFD1-1264-4F25-967C-642543B13D42}.Debug|Any CPU.Build.0 = Debug|Any CPU
		{2BC6BFD1-1264-4F25-967C-642543B13D42}.Release|Any CPU.ActiveCfg = Release|Any CPU
		{2BC6BFD1-1264-4F25-967C-642543B13D42}.Release|Any CPU.Build.0 = Release|Any CPU
	EndGlobalSection
	GlobalSection(SolutionProperties) = preSolution
		HideSolutionNode = FALSE
	EndGlobalSection
	GlobalSection(ExtensibilityGlobals) = postSolution
		SolutionGuid = {BC620D8B-EA2E-470A-A960-D7695C3A00C9}
	EndGlobalSection
EndGlobal
